// !$*UTF8*$!
{
	archiveVersion = 1;
	classes = {
	};
	objectVersion = 46;
	objects = {

/* Begin PBXBuildFile section */
		1765867A659CF0538B977238 /* libPods.a in Frameworks */ = {isa = PBXBuildFile; fileRef = 18CA3D34EEA21B1C85A0419D /* libPods.a */; };
		5B1DB79B1C003C3D00712397 /* MapViewController.m in Sources */ = {isa = PBXBuildFile; fileRef = 5B1DB7991C003C3D00712397 /* MapViewController.m */; };
		5B1DB79C1C003C3D00712397 /* MapViewController.xib in Resources */ = {isa = PBXBuildFile; fileRef = 5B1DB79A1C003C3D00712397 /* MapViewController.xib */; };
		5B1DE4321BFF05D100C36E16 /* FirstViewController.m in Sources */ = {isa = PBXBuildFile; fileRef = 5B1DE4301BFF05D100C36E16 /* FirstViewController.m */; };
		5B1DE4331BFF05D100C36E16 /* FirstViewController.xib in Resources */ = {isa = PBXBuildFile; fileRef = 5B1DE4311BFF05D100C36E16 /* FirstViewController.xib */; };
		5B20105E1C03092D00492434 /* SecondViewController.m in Sources */ = {isa = PBXBuildFile; fileRef = 5B20105C1C03092D00492434 /* SecondViewController.m */; };
		5B20105F1C03092D00492434 /* SecondViewController.xib in Resources */ = {isa = PBXBuildFile; fileRef = 5B20105D1C03092D00492434 /* SecondViewController.xib */; };
		5B2010631C03094300492434 /* ThirdViewController.m in Sources */ = {isa = PBXBuildFile; fileRef = 5B2010611C03094300492434 /* ThirdViewController.m */; };
		5B2010641C03094300492434 /* ThirdViewController.xib in Resources */ = {isa = PBXBuildFile; fileRef = 5B2010621C03094300492434 /* ThirdViewController.xib */; };
		5B2010681C030DEF00492434 /* FourthViewController.m in Sources */ = {isa = PBXBuildFile; fileRef = 5B2010661C030DEF00492434 /* FourthViewController.m */; };
		5B2010691C030DEF00492434 /* FourthViewController.xib in Resources */ = {isa = PBXBuildFile; fileRef = 5B2010671C030DEF00492434 /* FourthViewController.xib */; };
		5B2067651BF810D000F02B28 /* main.m in Sources */ = {isa = PBXBuildFile; fileRef = 5B2067641BF810D000F02B28 /* main.m */; };
		5B2067681BF810D000F02B28 /* AppDelegate.m in Sources */ = {isa = PBXBuildFile; fileRef = 5B2067671BF810D000F02B28 /* AppDelegate.m */; };
		5B20676B1BF810D000F02B28 /* ViewController.m in Sources */ = {isa = PBXBuildFile; fileRef = 5B20676A1BF810D000F02B28 /* ViewController.m */; };
		5B20676E1BF810D000F02B28 /* Main.storyboard in Resources */ = {isa = PBXBuildFile; fileRef = 5B20676C1BF810D000F02B28 /* Main.storyboard */; };
		5B2067701BF810D000F02B28 /* Assets.xcassets in Resources */ = {isa = PBXBuildFile; fileRef = 5B20676F1BF810D000F02B28 /* Assets.xcassets */; };
		5B2067731BF810D000F02B28 /* LaunchScreen.storyboard in Resources */ = {isa = PBXBuildFile; fileRef = 5B2067711BF810D000F02B28 /* LaunchScreen.storyboard */; };
		5B20677C1BF81B1D00F02B28 /* PushConfig.plist in Resources */ = {isa = PBXBuildFile; fileRef = 5B20677B1BF81B1D00F02B28 /* PushConfig.plist */; };
		5BE3D3081BFDB3CE00030578 /* BaseViewController.m in Sources */ = {isa = PBXBuildFile; fileRef = 5BE3D3071BFDB3CE00030578 /* BaseViewController.m */; };
		5BE3D30B1BFDB40600030578 /* BaseNavigationController.m in Sources */ = {isa = PBXBuildFile; fileRef = 5BE3D30A1BFDB40600030578 /* BaseNavigationController.m */; };
		5BE3D30E1BFDB43900030578 /* BaseTabBarController.m in Sources */ = {isa = PBXBuildFile; fileRef = 5BE3D30D1BFDB43900030578 /* BaseTabBarController.m */; };
/* End PBXBuildFile section */

/* Begin PBXFileReference section */
		18CA3D34EEA21B1C85A0419D /* libPods.a */ = {isa = PBXFileReference; explicitFileType = archive.ar; includeInIndex = 0; path = libPods.a; sourceTree = BUILT_PRODUCTS_DIR; };
		5B1DB7981C003C3D00712397 /* MapViewController.h */ = {isa = PBXFileReference; fileEncoding = 4; lastKnownFileType = sourcecode.c.h; path = MapViewController.h; sourceTree = "<group>"; };
		5B1DB7991C003C3D00712397 /* MapViewController.m */ = {isa = PBXFileReference; fileEncoding = 4; lastKnownFileType = sourcecode.c.objc; path = MapViewController.m; sourceTree = "<group>"; };
		5B1DB79A1C003C3D00712397 /* MapViewController.xib */ = {isa = PBXFileReference; fileEncoding = 4; lastKnownFileType = file.xib; path = MapViewController.xib; sourceTree = "<group>"; };
		5B1DE42F1BFF05D100C36E16 /* FirstViewController.h */ = {isa = PBXFileReference; fileEncoding = 4; lastKnownFileType = sourcecode.c.h; path = FirstViewController.h; sourceTree = "<group>"; };
		5B1DE4301BFF05D100C36E16 /* FirstViewController.m */ = {isa = PBXFileReference; fileEncoding = 4; lastKnownFileType = sourcecode.c.objc; path = FirstViewController.m; sourceTree = "<group>"; };
		5B1DE4311BFF05D100C36E16 /* FirstViewController.xib */ = {isa = PBXFileReference; fileEncoding = 4; lastKnownFileType = file.xib; path = FirstViewController.xib; sourceTree = "<group>"; };
		5B20105B1C03092D00492434 /* SecondViewController.h */ = {isa = PBXFileReference; fileEncoding = 4; lastKnownFileType = sourcecode.c.h; path = SecondViewController.h; sourceTree = "<group>"; };
		5B20105C1C03092D00492434 /* SecondViewController.m */ = {isa = PBXFileReference; fileEncoding = 4; lastKnownFileType = sourcecode.c.objc; path = SecondViewController.m; sourceTree = "<group>"; };
		5B20105D1C03092D00492434 /* SecondViewController.xib */ = {isa = PBXFileReference; fileEncoding = 4; lastKnownFileType = file.xib; path = SecondViewController.xib; sourceTree = "<group>"; };
		5B2010601C03094300492434 /* ThirdViewController.h */ = {isa = PBXFileReference; fileEncoding = 4; lastKnownFileType = sourcecode.c.h; path = ThirdViewController.h; sourceTree = "<group>"; };
		5B2010611C03094300492434 /* ThirdViewController.m */ = {isa = PBXFileReference; fileEncoding = 4; lastKnownFileType = sourcecode.c.objc; path = ThirdViewController.m; sourceTree = "<group>"; };
		5B2010621C03094300492434 /* ThirdViewController.xib */ = {isa = PBXFileReference; fileEncoding = 4; lastKnownFileType = file.xib; path = ThirdViewController.xib; sourceTree = "<group>"; };
		5B2010651C030DEF00492434 /* FourthViewController.h */ = {isa = PBXFileReference; fileEncoding = 4; lastKnownFileType = sourcecode.c.h; path = FourthViewController.h; sourceTree = "<group>"; };
		5B2010661C030DEF00492434 /* FourthViewController.m */ = {isa = PBXFileReference; fileEncoding = 4; lastKnownFileType = sourcecode.c.objc; path = FourthViewController.m; sourceTree = "<group>"; };
		5B2010671C030DEF00492434 /* FourthViewController.xib */ = {isa = PBXFileReference; fileEncoding = 4; lastKnownFileType = file.xib; path = FourthViewController.xib; sourceTree = "<group>"; };
		5B2067601BF810D000F02B28 /* Reminder.app */ = {isa = PBXFileReference; explicitFileType = wrapper.application; includeInIndex = 0; path = Reminder.app; sourceTree = BUILT_PRODUCTS_DIR; };
		5B2067641BF810D000F02B28 /* main.m */ = {isa = PBXFileReference; lastKnownFileType = sourcecode.c.objc; path = main.m; sourceTree = "<group>"; };
		5B2067661BF810D000F02B28 /* AppDelegate.h */ = {isa = PBXFileReference; lastKnownFileType = sourcecode.c.h; path = AppDelegate.h; sourceTree = "<group>"; };
		5B2067671BF810D000F02B28 /* AppDelegate.m */ = {isa = PBXFileReference; lastKnownFileType = sourcecode.c.objc; path = AppDelegate.m; sourceTree = "<group>"; };
		5B2067691BF810D000F02B28 /* ViewController.h */ = {isa = PBXFileReference; lastKnownFileType = sourcecode.c.h; path = ViewController.h; sourceTree = "<group>"; };
		5B20676A1BF810D000F02B28 /* ViewController.m */ = {isa = PBXFileReference; lastKnownFileType = sourcecode.c.objc; path = ViewController.m; sourceTree = "<group>"; };
		5B20676D1BF810D000F02B28 /* Base */ = {isa = PBXFileReference; lastKnownFileType = file.storyboard; name = Base; path = Base.lproj/Main.storyboard; sourceTree = "<group>"; };
		5B20676F1BF810D000F02B28 /* Assets.xcassets */ = {isa = PBXFileReference; lastKnownFileType = folder.assetcatalog; path = Assets.xcassets; sourceTree = "<group>"; };
		5B2067721BF810D000F02B28 /* Base */ = {isa = PBXFileReference; lastKnownFileType = file.storyboard; name = Base; path = Base.lproj/LaunchScreen.storyboard; sourceTree = "<group>"; };
		5B2067741BF810D000F02B28 /* Info.plist */ = {isa = PBXFileReference; lastKnownFileType = text.plist.xml; path = Info.plist; sourceTree = "<group>"; };
		5B20677B1BF81B1D00F02B28 /* PushConfig.plist */ = {isa = PBXFileReference; fileEncoding = 4; lastKnownFileType = text.plist.xml; path = PushConfig.plist; sourceTree = "<group>"; };
		5BE3D3061BFDB3CE00030578 /* BaseViewController.h */ = {isa = PBXFileReference; fileEncoding = 4; lastKnownFileType = sourcecode.c.h; path = BaseViewController.h; sourceTree = "<group>"; };
		5BE3D3071BFDB3CE00030578 /* BaseViewController.m */ = {isa = PBXFileReference; fileEncoding = 4; lastKnownFileType = sourcecode.c.objc; path = BaseViewController.m; sourceTree = "<group>"; };
		5BE3D3091BFDB40600030578 /* BaseNavigationController.h */ = {isa = PBXFileReference; fileEncoding = 4; lastKnownFileType = sourcecode.c.h; path = BaseNavigationController.h; sourceTree = "<group>"; };
		5BE3D30A1BFDB40600030578 /* BaseNavigationController.m */ = {isa = PBXFileReference; fileEncoding = 4; lastKnownFileType = sourcecode.c.objc; path = BaseNavigationController.m; sourceTree = "<group>"; };
		5BE3D30C1BFDB43900030578 /* BaseTabBarController.h */ = {isa = PBXFileReference; fileEncoding = 4; lastKnownFileType = sourcecode.c.h; path = BaseTabBarController.h; sourceTree = "<group>"; };
		5BE3D30D1BFDB43900030578 /* BaseTabBarController.m */ = {isa = PBXFileReference; fileEncoding = 4; lastKnownFileType = sourcecode.c.objc; path = BaseTabBarController.m; sourceTree = "<group>"; };
		5D514F182D1F21AADE1CF27C /* Pods.release.xcconfig */ = {isa = PBXFileReference; includeInIndex = 1; lastKnownFileType = text.xcconfig; name = Pods.release.xcconfig; path = "Pods/Target Support Files/Pods/Pods.release.xcconfig"; sourceTree = "<group>"; };
		ACEA569F090A9C184F267FDC /* Pods.debug.xcconfig */ = {isa = PBXFileReference; includeInIndex = 1; lastKnownFileType = text.xcconfig; name = Pods.debug.xcconfig; path = "Pods/Target Support Files/Pods/Pods.debug.xcconfig"; sourceTree = "<group>"; };
/* End PBXFileReference section */

/* Begin PBXFrameworksBuildPhase section */
		5B20675D1BF810D000F02B28 /* Frameworks */ = {
			isa = PBXFrameworksBuildPhase;
			buildActionMask = 2147483647;
			files = (
				1765867A659CF0538B977238 /* libPods.a in Frameworks */,
			);
			runOnlyForDeploymentPostprocessing = 0;
		};
/* End PBXFrameworksBuildPhase section */

/* Begin PBXGroup section */
		5B1DB7971C003C2B00712397 /* Map */ = {
			isa = PBXGroup;
			children = (
				5B1DB7981C003C3D00712397 /* MapViewController.h */,
				5B1DB7991C003C3D00712397 /* MapViewController.m */,
				5B1DB79A1C003C3D00712397 /* MapViewController.xib */,
			);
			path = Map;
			sourceTree = "<group>";
		};
		5B2067571BF810D000F02B28 = {
			isa = PBXGroup;
			children = (
				5B2067621BF810D000F02B28 /* Reminder */,
				5B2067611BF810D000F02B28 /* Products */,
				BDBF1B71CF58030CB4E837F2 /* Pods */,
				EF397C214FF36B6498C27812 /* Frameworks */,
			);
			sourceTree = "<group>";
		};
		5B2067611BF810D000F02B28 /* Products */ = {
			isa = PBXGroup;
			children = (
				5B2067601BF810D000F02B28 /* Reminder.app */,
			);
			name = Products;
			sourceTree = "<group>";
		};
		5B2067621BF810D000F02B28 /* Reminder */ = {
			isa = PBXGroup;
			children = (
				5BE3D3031BFDB38E00030578 /* Classes */,
				5B20677A1BF81AF000F02B28 /* Resource */,
				5B2067661BF810D000F02B28 /* AppDelegate.h */,
				5B2067671BF810D000F02B28 /* AppDelegate.m */,
				5B2067691BF810D000F02B28 /* ViewController.h */,
				5B20676A1BF810D000F02B28 /* ViewController.m */,
				5B20676C1BF810D000F02B28 /* Main.storyboard */,
				5B20676F1BF810D000F02B28 /* Assets.xcassets */,
				5B2067711BF810D000F02B28 /* LaunchScreen.storyboard */,
				5B2067741BF810D000F02B28 /* Info.plist */,
				5B2067631BF810D000F02B28 /* Supporting Files */,
			);
			path = Reminder;
			sourceTree = "<group>";
		};
		5B2067631BF810D000F02B28 /* Supporting Files */ = {
			isa = PBXGroup;
			children = (
				5B2067641BF810D000F02B28 /* main.m */,
			);
			name = "Supporting Files";
			sourceTree = "<group>";
		};
		5B20677A1BF81AF000F02B28 /* Resource */ = {
			isa = PBXGroup;
			children = (
				5B20677B1BF81B1D00F02B28 /* PushConfig.plist */,
			);
			path = Resource;
			sourceTree = "<group>";
		};
		5BE3D3031BFDB38E00030578 /* Classes */ = {
			isa = PBXGroup;
			children = (
				5B1DB7971C003C2B00712397 /* Map */,
				5BE3D3051BFDB3B400030578 /* Base */,
				5BE3D3041BFDB38E00030578 /* Home */,
			);
			path = Classes;
			sourceTree = "<group>";
		};
		5BE3D3041BFDB38E00030578 /* Home */ = {
			isa = PBXGroup;
			children = (
				5B1DE42F1BFF05D100C36E16 /* FirstViewController.h */,
				5B1DE4301BFF05D100C36E16 /* FirstViewController.m */,
				5B1DE4311BFF05D100C36E16 /* FirstViewController.xib */,
				5B20105B1C03092D00492434 /* SecondViewController.h */,
				5B20105C1C03092D00492434 /* SecondViewController.m */,
				5B20105D1C03092D00492434 /* SecondViewController.xib */,
				5B2010601C03094300492434 /* ThirdViewController.h */,
				5B2010611C03094300492434 /* ThirdViewController.m */,
				5B2010621C03094300492434 /* ThirdViewController.xib */,
				5B2010651C030DEF00492434 /* FourthViewController.h */,
				5B2010661C030DEF00492434 /* FourthViewController.m */,
				5B2010671C030DEF00492434 /* FourthViewController.xib */,
			);
			path = Home;
			sourceTree = "<group>";
		};
		5BE3D3051BFDB3B400030578 /* Base */ = {
			isa = PBXGroup;
			children = (
				5BE3D3061BFDB3CE00030578 /* BaseViewController.h */,
				5BE3D3071BFDB3CE00030578 /* BaseViewController.m */,
				5BE3D3091BFDB40600030578 /* BaseNavigationController.h */,
				5BE3D30A1BFDB40600030578 /* BaseNavigationController.m */,
				5BE3D30C1BFDB43900030578 /* BaseTabBarController.h */,
				5BE3D30D1BFDB43900030578 /* BaseTabBarController.m */,
			);
			path = Base;
			sourceTree = "<group>";
		};
		BDBF1B71CF58030CB4E837F2 /* Pods */ = {
			isa = PBXGroup;
			children = (
				ACEA569F090A9C184F267FDC /* Pods.debug.xcconfig */,
				5D514F182D1F21AADE1CF27C /* Pods.release.xcconfig */,
			);
			name = Pods;
			sourceTree = "<group>";
		};
		EF397C214FF36B6498C27812 /* Frameworks */ = {
			isa = PBXGroup;
			children = (
				18CA3D34EEA21B1C85A0419D /* libPods.a */,
			);
			name = Frameworks;
			sourceTree = "<group>";
		};
/* End PBXGroup section */

/* Begin PBXNativeTarget section */
		5B20675F1BF810D000F02B28 /* Reminder */ = {
			isa = PBXNativeTarget;
			buildConfigurationList = 5B2067771BF810D000F02B28 /* Build configuration list for PBXNativeTarget "Reminder" */;
			buildPhases = (
				71986D344A9013F944A11E79 /* Check Pods Manifest.lock */,
				5B20675C1BF810D000F02B28 /* Sources */,
				5B20675D1BF810D000F02B28 /* Frameworks */,
				5B20675E1BF810D000F02B28 /* Resources */,
				C6B25EDF92026796C3C82847 /* Embed Pods Frameworks */,
				8823BAC0E401BF82616581E1 /* Copy Pods Resources */,
			);
			buildRules = (
			);
			dependencies = (
			);
			name = Reminder;
			productName = Reminder;
			productReference = 5B2067601BF810D000F02B28 /* Reminder.app */;
			productType = "com.apple.product-type.application";
		};
/* End PBXNativeTarget section */

/* Begin PBXProject section */
		5B2067581BF810D000F02B28 /* Project object */ = {
			isa = PBXProject;
			attributes = {
				LastUpgradeCheck = 0710;
				ORGANIZATIONNAME = YYQ;
				TargetAttributes = {
					5B20675F1BF810D000F02B28 = {
						CreatedOnToolsVersion = 7.1;
						DevelopmentTeam = 475MHG62GY;
						SystemCapabilities = {
							com.apple.BackgroundModes = {
								enabled = 1;
							};
							com.apple.Maps.iOS = {
								enabled = 0;
							};
						};
					};
				};
			};
			buildConfigurationList = 5B20675B1BF810D000F02B28 /* Build configuration list for PBXProject "Reminder" */;
			compatibilityVersion = "Xcode 3.2";
			developmentRegion = English;
			hasScannedForEncodings = 0;
			knownRegions = (
				en,
				Base,
			);
			mainGroup = 5B2067571BF810D000F02B28;
			productRefGroup = 5B2067611BF810D000F02B28 /* Products */;
			projectDirPath = "";
			projectRoot = "";
			targets = (
				5B20675F1BF810D000F02B28 /* Reminder */,
			);
		};
/* End PBXProject section */

/* Begin PBXResourcesBuildPhase section */
		5B20675E1BF810D000F02B28 /* Resources */ = {
			isa = PBXResourcesBuildPhase;
			buildActionMask = 2147483647;
			files = (
				5B20677C1BF81B1D00F02B28 /* PushConfig.plist in Resources */,
				5B20105F1C03092D00492434 /* SecondViewController.xib in Resources */,
				5B2010641C03094300492434 /* ThirdViewController.xib in Resources */,
				5B1DB79C1C003C3D00712397 /* MapViewController.xib in Resources */,
				5B2067731BF810D000F02B28 /* LaunchScreen.storyboard in Resources */,
				5B2067701BF810D000F02B28 /* Assets.xcassets in Resources */,
				5B1DE4331BFF05D100C36E16 /* FirstViewController.xib in Resources */,
				5B2010691C030DEF00492434 /* FourthViewController.xib in Resources */,
				5B20676E1BF810D000F02B28 /* Main.storyboard in Resources */,
			);
			runOnlyForDeploymentPostprocessing = 0;
		};
/* End PBXResourcesBuildPhase section */

/* Begin PBXShellScriptBuildPhase section */
		71986D344A9013F944A11E79 /* Check Pods Manifest.lock */ = {
			isa = PBXShellScriptBuildPhase;
			buildActionMask = 2147483647;
			files = (
			);
			inputPaths = (
			);
			name = "Check Pods Manifest.lock";
			outputPaths = (
			);
			runOnlyForDeploymentPostprocessing = 0;
			shellPath = /bin/sh;
			shellScript = "diff \"${PODS_ROOT}/../Podfile.lock\" \"${PODS_ROOT}/Manifest.lock\" > /dev/null\nif [[ $? != 0 ]] ; then\n    cat << EOM\nerror: The sandbox is not in sync with the Podfile.lock. Run 'pod install' or update your CocoaPods installation.\nEOM\n    exit 1\nfi\n";
			showEnvVarsInLog = 0;
		};
		8823BAC0E401BF82616581E1 /* Copy Pods Resources */ = {
			isa = PBXShellScriptBuildPhase;
			buildActionMask = 2147483647;
			files = (
			);
			inputPaths = (
			);
			name = "Copy Pods Resources";
			outputPaths = (
			);
			runOnlyForDeploymentPostprocessing = 0;
			shellPath = /bin/sh;
			shellScript = "\"${SRCROOT}/Pods/Target Support Files/Pods/Pods-resources.sh\"\n";
			showEnvVarsInLog = 0;
		};
		C6B25EDF92026796C3C82847 /* Embed Pods Frameworks */ = {
			isa = PBXShellScriptBuildPhase;
			buildActionMask = 2147483647;
			files = (
			);
			inputPaths = (
			);
			name = "Embed Pods Frameworks";
			outputPaths = (
			);
			runOnlyForDeploymentPostprocessing = 0;
			shellPath = /bin/sh;
			shellScript = "\"${SRCROOT}/Pods/Target Support Files/Pods/Pods-frameworks.sh\"\n";
			showEnvVarsInLog = 0;
		};
/* End PBXShellScriptBuildPhase section */

/* Begin PBXSourcesBuildPhase section */
		5B20675C1BF810D000F02B28 /* Sources */ = {
			isa = PBXSourcesBuildPhase;
			buildActionMask = 2147483647;
			files = (
				5B20105E1C03092D00492434 /* SecondViewController.m in Sources */,
				5B20676B1BF810D000F02B28 /* ViewController.m in Sources */,
				5BE3D30B1BFDB40600030578 /* BaseNavigationController.m in Sources */,
				5BE3D3081BFDB3CE00030578 /* BaseViewController.m in Sources */,
				5B1DB79B1C003C3D00712397 /* MapViewController.m in Sources */,
				5B2010681C030DEF00492434 /* FourthViewController.m in Sources */,
				5B2067681BF810D000F02B28 /* AppDelegate.m in Sources */,
				5B2010631C03094300492434 /* ThirdViewController.m in Sources */,
				5BE3D30E1BFDB43900030578 /* BaseTabBarController.m in Sources */,
				5B1DE4321BFF05D100C36E16 /* FirstViewController.m in Sources */,
				5B2067651BF810D000F02B28 /* main.m in Sources */,
			);
			runOnlyForDeploymentPostprocessing = 0;
		};
/* End PBXSourcesBuildPhase section */

/* Begin PBXVariantGroup section */
		5B20676C1BF810D000F02B28 /* Main.storyboard */ = {
			isa = PBXVariantGroup;
			children = (
				5B20676D1BF810D000F02B28 /* Base */,
			);
			name = Main.storyboard;
			sourceTree = "<group>";
		};
		5B2067711BF810D000F02B28 /* LaunchScreen.storyboard */ = {
			isa = PBXVariantGroup;
			children = (
				5B2067721BF810D000F02B28 /* Base */,
			);
			name = LaunchScreen.storyboard;
			sourceTree = "<group>";
		};
/* End PBXVariantGroup section */

/* Begin XCBuildConfiguration section */
		5B2067751BF810D000F02B28 /* Debug */ = {
			isa = XCBuildConfiguration;
			buildSettings = {
				ALWAYS_SEARCH_USER_PATHS = NO;
				CLANG_CXX_LANGUAGE_STANDARD = "gnu++0x";
				CLANG_CXX_LIBRARY = "libc++";
				CLANG_ENABLE_MODULES = YES;
				CLANG_ENABLE_OBJC_ARC = YES;
				CLANG_WARN_BOOL_CONVERSION = YES;
				CLANG_WARN_CONSTANT_CONVERSION = YES;
				CLANG_WARN_DIRECT_OBJC_ISA_USAGE = YES_ERROR;
				CLANG_WARN_EMPTY_BODY = YES;
				CLANG_WARN_ENUM_CONVERSION = YES;
				CLANG_WARN_INT_CONVERSION = YES;
				CLANG_WARN_OBJC_ROOT_CLASS = YES_ERROR;
				CLANG_WARN_UNREACHABLE_CODE = YES;
				CLANG_WARN__DUPLICATE_METHOD_MATCH = YES;
				"CODE_SIGN_IDENTITY[sdk=iphoneos*]" = "iPhone Developer";
				COPY_PHASE_STRIP = NO;
				DEBUG_INFORMATION_FORMAT = dwarf;
				ENABLE_STRICT_OBJC_MSGSEND = YES;
				ENABLE_TESTABILITY = YES;
				GCC_C_LANGUAGE_STANDARD = gnu99;
				GCC_DYNAMIC_NO_PIC = NO;
				GCC_NO_COMMON_BLOCKS = YES;
				GCC_OPTIMIZATION_LEVEL = 0;
				GCC_PREPROCESSOR_DEFINITIONS = (
					"DEBUG=1",
					"$(inherited)",
				);
				GCC_WARN_64_TO_32_BIT_CONVERSION = YES;
				GCC_WARN_ABOUT_RETURN_TYPE = YES_ERROR;
				GCC_WARN_UNDECLARED_SELECTOR = YES;
				GCC_WARN_UNINITIALIZED_AUTOS = YES_AGGRESSIVE;
				GCC_WARN_UNUSED_FUNCTION = YES;
				GCC_WARN_UNUSED_VARIABLE = YES;
				IPHONEOS_DEPLOYMENT_TARGET = 9.1;
				MTL_ENABLE_DEBUG_INFO = YES;
				ONLY_ACTIVE_ARCH = YES;
				SDKROOT = iphoneos;
			};
			name = Debug;
		};
		5B2067761BF810D000F02B28 /* Release */ = {
			isa = XCBuildConfiguration;
			buildSettings = {
				ALWAYS_SEARCH_USER_PATHS = NO;
				CLANG_CXX_LANGUAGE_STANDARD = "gnu++0x";
				CLANG_CXX_LIBRARY = "libc++";
				CLANG_ENABLE_MODULES = YES;
				CLANG_ENABLE_OBJC_ARC = YES;
				CLANG_WARN_BOOL_CONVERSION = YES;
				CLANG_WARN_CONSTANT_CONVERSION = YES;
				CLANG_WARN_DIRECT_OBJC_ISA_USAGE = YES_ERROR;
				CLANG_WARN_EMPTY_BODY = YES;
				CLANG_WARN_ENUM_CONVERSION = YES;
				CLANG_WARN_INT_CONVERSION = YES;
				CLANG_WARN_OBJC_ROOT_CLASS = YES_ERROR;
				CLANG_WARN_UNREACHABLE_CODE = YES;
				CLANG_WARN__DUPLICATE_METHOD_MATCH = YES;
				"CODE_SIGN_IDENTITY[sdk=iphoneos*]" = "iPhone Developer";
				COPY_PHASE_STRIP = NO;
				DEBUG_INFORMATION_FORMAT = "dwarf-with-dsym";
				ENABLE_NS_ASSERTIONS = NO;
				ENABLE_STRICT_OBJC_MSGSEND = YES;
				GCC_C_LANGUAGE_STANDARD = gnu99;
				GCC_NO_COMMON_BLOCKS = YES;
				GCC_WARN_64_TO_32_BIT_CONVERSION = YES;
				GCC_WARN_ABOUT_RETURN_TYPE = YES_ERROR;
				GCC_WARN_UNDECLARED_SELECTOR = YES;
				GCC_WARN_UNINITIALIZED_AUTOS = YES_AGGRESSIVE;
				GCC_WARN_UNUSED_FUNCTION = YES;
				GCC_WARN_UNUSED_VARIABLE = YES;
				IPHONEOS_DEPLOYMENT_TARGET = 9.1;
				MTL_ENABLE_DEBUG_INFO = NO;
				SDKROOT = iphoneos;
				VALIDATE_PRODUCT = YES;
			};
			name = Release;
		};
		5B2067781BF810D000F02B28 /* Debug */ = {
			isa = XCBuildConfiguration;
			baseConfigurationReference = ACEA569F090A9C184F267FDC /* Pods.debug.xcconfig */;
			buildSettings = {
				ASSETCATALOG_COMPILER_APPICON_NAME = AppIcon;
				CODE_SIGN_IDENTITY = "iPhone Developer";
				INFOPLIST_FILE = Reminder/Info.plist;
				IPHONEOS_DEPLOYMENT_TARGET = 7.0;
				LD_RUNPATH_SEARCH_PATHS = "$(inherited) @executable_path/Frameworks";
				PRODUCT_BUNDLE_IDENTIFIER = com.xy.reminder;
				PRODUCT_NAME = "$(TARGET_NAME)";
				PROVISIONING_PROFILE = "3426d0b2-ee00-4dd6-941f-b9eb2babd83c";
			};
			name = Debug;
		};
		5B2067791BF810D000F02B28 /* Release */ = {
			isa = XCBuildConfiguration;
			baseConfigurationReference = 5D514F182D1F21AADE1CF27C /* Pods.release.xcconfig */;
			buildSettings = {
				ASSETCATALOG_COMPILER_APPICON_NAME = AppIcon;
				CODE_SIGN_IDENTITY = "iPhone Developer";
				INFOPLIST_FILE = Reminder/Info.plist;
				IPHONEOS_DEPLOYMENT_TARGET = 7.0;
				LD_RUNPATH_SEARCH_PATHS = "$(inherited) @executable_path/Frameworks";
				PRODUCT_BUNDLE_IDENTIFIER = com.xy.reminder;
				PRODUCT_NAME = "$(TARGET_NAME)";
				PROVISIONING_PROFILE = "3426d0b2-ee00-4dd6-941f-b9eb2babd83c";
			};
			name = Release;
		};
/* End XCBuildConfiguration section */

/* Begin XCConfigurationList section */
		5B20675B1BF810D000F02B28 /* Build configuration list for PBXProject "Reminder" */ = {
			isa = XCConfigurationList;
			buildConfigurations = (
				5B2067751BF810D000F02B28 /* Debug */,
				5B2067761BF810D000F02B28 /* Release */,
			);
			defaultConfigurationIsVisible = 0;
			defaultConfigurationName = Release;
		};
		5B2067771BF810D000F02B28 /* Build configuration list for PBXNativeTarget "Reminder" */ = {
			isa = XCConfigurationList;
			buildConfigurations = (
				5B2067781BF810D000F02B28 /* Debug */,
				5B2067791BF810D000F02B28 /* Release */,
			);
			defaultConfigurationIsVisible = 0;
			defaultConfigurationName = Release;
		};
/* End XCConfigurationList section */
	};
	rootObject = 5B2067581BF810D000F02B28 /* Project object */;
}
